
Microsoft Visual Studio Solution File, Format Version 12.00
# Visual Studio Version 17
VisualStudioVersion = 17.10.35027.167
MinimumVisualStudioVersion = 10.0.40219.1
Project("{FAE04EC0-301F-11D3-BF4B-00C04F79EFBC}") = "Hw14_Fateme_amini", "Hw14_Fateme_amini\Hw14_Fateme_amini.csproj", "{36E73534-936F-4237-980B-C150E79BBB6B}"
EndProject
Global
	GlobalSection(SolutionConfigurationPlatforms) = preSolution
		Debug|Any CPU = Debug|Any CPU
		Release|Any CPU = Release|Any CPU
	EndGlobalSection
	GlobalSection(ProjectConfigurationPlatforms) = postSolution
		{36E73534-936F-4237-980B-C150E79BBB6B}.Debug|Any CPU.ActiveCfg = Debug|Any CPU
		{36E73534-936F-4237-980B-C150E79BBB6B}.Debug|Any CPU.Build.0 = Debug|Any CPU
		{36E73534-936F-4237-980B-C150E79BBB6B}.Release|Any CPU.ActiveCfg = Release|Any CPU
		{36E73534-936F-4237-980B-C150E79BBB6B}.Release|Any CPU.Build.0 = Release|Any CPU
	EndGlobalSection
	GlobalSection(SolutionProperties) = preSolution
		HideSolutionNode = FALSE
	EndGlobalSection
	GlobalSection(ExtensibilityGlobals) = postSolution
		SolutionGuid = {D38633C1-649C-4CD5-8114-DCEB0D44D7A6}
	EndGlobalSection
EndGlobal
